
Microsoft Visual Studio Solution File, Format Version 12.00
# Visual Studio Version 16
VisualStudioVersion = 16.0.28621.142
MinimumVisualStudioVersion = 10.0.40219.1
Project("{FAE04EC0-301F-11D3-BF4B-00C04F79EFBC}") = "Week6Objects", "Week6Objects\Week6Objects.csproj", "{7CD4EE90-2215-465C-AB13-D557680AD00A}"
EndProject
Global
	GlobalSection(SolutionConfigurationPlatforms) = preSolution
		Debug|Any CPU = Debug|Any CPU
		Release|Any CPU = Release|Any CPU
	EndGlobalSection
	GlobalSection(ProjectConfigurationPlatforms) = postSolution
		{7CD4EE90-2215-465C-AB13-D557680AD00A}.Debug|Any CPU.ActiveCfg = Debug|Any CPU
		{7CD4EE90-2215-465C-AB13-D557680AD00A}.Debug|Any CPU.Build.0 = Debug|Any CPU
		{7CD4EE90-2215-465C-AB13-D557680AD00A}.Release|Any CPU.ActiveCfg = Release|Any CPU
		{7CD4EE90-2215-465C-AB13-D557680AD00A}.Release|Any CPU.Build.0 = Release|Any CPU
	EndGlobalSection
	GlobalSection(SolutionProperties) = preSolution
		HideSolutionNode = FALSE
	EndGlobalSection
	GlobalSection(ExtensibilityGlobals) = postSolution
		SolutionGuid = {2B25FA6F-7EA8-4A77-B45E-70230462E6C0}
	EndGlobalSection
EndGlobal
